
Microsoft Visual Studio Solution File, Format Version 12.00
# Visual Studio Version 17
VisualStudioVersion = 17.5.002.0
MinimumVisualStudioVersion = 10.0.40219.1
Project("{2150E333-8FDC-42A3-9474-1A3956D46DE8}") = "prepare", "prepare", "{01CE7D72-5E60-4CF2-BC7A-BDDAF029FB6A}"
EndProject
Project("{9A19103F-16F7-4668-BE54-9A1E7A4F7556}") = "Learning02", "prepare\Learning02\Learning02.csproj", "{E79F4A09-E29D-4A5E-BF96-E0236DE71BF8}"
EndProject
Project("{9A19103F-16F7-4668-BE54-9A1E7A4F7556}") = "Learning05", "prepare\Learning05\Learning05.csproj", "{EE0063AF-8165-4923-8D9A-18C011E1635E}"
EndProject
Project("{9A19103F-16F7-4668-BE54-9A1E7A4F7556}") = "Learning04", "prepare\Learning04\Learning04.csproj", "{377A73C0-CD2D-43E5-8318-65B0EB03F5AF}"
EndProject
Project("{9A19103F-16F7-4668-BE54-9A1E7A4F7556}") = "Learning03", "prepare\Learning03\Learning03.csproj", "{8B4E8B32-EBA0-4D80-916F-38F74E1DE2A4}"
EndProject
Project("{2150E333-8FDC-42A3-9474-1A3956D46DE8}") = "prove", "prove", "{149CE929-1DC7-4BBE-9136-587B046A946B}"
EndProject
Project("{9A19103F-16F7-4668-BE54-9A1E7A4F7556}") = "Develop03", "prove\Develop03\Develop03.csproj", "{8815C008-FA0E-4A26-B3AC-0B5E5B0EF64C}"
EndProject
Project("{9A19103F-16F7-4668-BE54-9A1E7A4F7556}") = "Develop04", "prove\Develop04\Develop04.csproj", "{C98644E8-7A95-4A05-A1A6-680F3BAEC207}"
EndProject
Project("{9A19103F-16F7-4668-BE54-9A1E7A4F7556}") = "Develop05", "prove\Develop05\Develop05.csproj", "{3975A82F-D0BB-4F78-ABF7-5C769746687B}"
EndProject
Project("{9A19103F-16F7-4668-BE54-9A1E7A4F7556}") = "Develop02", "prove\Develop02\Develop02.csproj", "{7951040F-2A63-4408-9A58-BC58A1F515D1}"
EndProject
Project("{2150E333-8FDC-42A3-9474-1A3956D46DE8}") = "sandbox", "sandbox", "{478CE2FE-AD4B-4B2C-8D85-EB6E604A27A8}"
EndProject
Project("{9A19103F-16F7-4668-BE54-9A1E7A4F7556}") = "Sandbox", "sandbox\Sandbox\Sandbox.csproj", "{0E0B51C0-4583-4B22-AA42-6568AB5FCBE5}"
EndProject
Project("{2150E333-8FDC-42A3-9474-1A3956D46DE8}") = "final", "final", "{BCF5C1A7-80D5-4066-A504-E5397FF1DD04}"
EndProject
Project("{9A19103F-16F7-4668-BE54-9A1E7A4F7556}") = "FinalProject", "final\FinalProject\FinalProject.csproj", "{7A7290C1-FC59-4B19-883F-09B8E6E292F7}"
EndProject
Project("{9A19103F-16F7-4668-BE54-9A1E7A4F7556}") = "Foundation1", "final\Foundation1\Foundation1.csproj", "{B0D5B28F-5F77-4DDE-97EC-EDD75CB805AD}"
EndProject
Project("{9A19103F-16F7-4668-BE54-9A1E7A4F7556}") = "Foundation4", "final\Foundation4\Foundation4.csproj", "{C287B808-0BB4-4823-A190-18AD2368D5D1}"
EndProject
Project("{9A19103F-16F7-4668-BE54-9A1E7A4F7556}") = "Foundation3", "final\Foundation3\Foundation3.csproj", "{131343FB-2AAE-41C1-B524-504551894AEB}"
EndProject
Project("{9A19103F-16F7-4668-BE54-9A1E7A4F7556}") = "Foundation2", "final\Foundation2\Foundation2.csproj", "{367727AB-0806-415A-A782-DAE672780A19}"
EndProject
Project("{2150E333-8FDC-42A3-9474-1A3956D46DE8}") = "csharp-prep", "csharp-prep", "{4E98E6A2-7E0E-45EE-B441-05A213CC6D22}"
EndProject
Project("{9A19103F-16F7-4668-BE54-9A1E7A4F7556}") = "Prep1", "csharp-prep\Prep1\Prep1.csproj", "{5AD22F02-CFE2-4E73-A5BE-CCDCD1EE2D98}"
EndProject
Project("{9A19103F-16F7-4668-BE54-9A1E7A4F7556}") = "Prep5", "csharp-prep\Prep5\Prep5.csproj", "{E4B89FA7-3735-40DE-A962-50B2E727D90F}"
EndProject
Project("{9A19103F-16F7-4668-BE54-9A1E7A4F7556}") = "Prep2", "csharp-prep\Prep2\Prep2.csproj", "{B868DD4B-6248-434C-95FE-385AA1803603}"
EndProject
Project("{9A19103F-16F7-4668-BE54-9A1E7A4F7556}") = "Prep3", "csharp-prep\Prep3\Prep3.csproj", "{069507FD-EAFA-4C99-B409-92FE8CC1EC6B}"
EndProject
Project("{9A19103F-16F7-4668-BE54-9A1E7A4F7556}") = "Prep4", "csharp-prep\Prep4\Prep4.csproj", "{FFA29498-7904-4EF4-9C57-08622E16CF54}"
EndProject
Global
	GlobalSection(SolutionConfigurationPlatforms) = preSolution
		Debug|Any CPU = Debug|Any CPU
		Release|Any CPU = Release|Any CPU
	EndGlobalSection
	GlobalSection(ProjectConfigurationPlatforms) = postSolution
		{E79F4A09-E29D-4A5E-BF96-E0236DE71BF8}.Debug|Any CPU.ActiveCfg = Debug|Any CPU
		{E79F4A09-E29D-4A5E-BF96-E0236DE71BF8}.Debug|Any CPU.Build.0 = Debug|Any CPU
		{E79F4A09-E29D-4A5E-BF96-E0236DE71BF8}.Release|Any CPU.ActiveCfg = Release|Any CPU
		{E79F4A09-E29D-4A5E-BF96-E0236DE71BF8}.Release|Any CPU.Build.0 = Release|Any CPU
		{EE0063AF-8165-4923-8D9A-18C011E1635E}.Debug|Any CPU.ActiveCfg = Debug|Any CPU
		{EE0063AF-8165-4923-8D9A-18C011E1635E}.Debug|Any CPU.Build.0 = Debug|Any CPU
		{EE0063AF-8165-4923-8D9A-18C011E1635E}.Release|Any CPU.ActiveCfg = Release|Any CPU
		{EE0063AF-8165-4923-8D9A-18C011E1635E}.Release|Any CPU.Build.0 = Release|Any CPU
		{377A73C0-CD2D-43E5-8318-65B0EB03F5AF}.Debug|Any CPU.ActiveCfg = Debug|Any CPU
		{377A73C0-CD2D-43E5-8318-65B0EB03F5AF}.Debug|Any CPU.Build.0 = Debug|Any CPU
		{377A73C0-CD2D-43E5-8318-65B0EB03F5AF}.Release|Any CPU.ActiveCfg = Release|Any CPU
		{377A73C0-CD2D-43E5-8318-65B0EB03F5AF}.Release|Any CPU.Build.0 = Release|Any CPU
		{8B4E8B32-EBA0-4D80-916F-38F74E1DE2A4}.Debug|Any CPU.ActiveCfg = Debug|Any CPU
		{8B4E8B32-EBA0-4D80-916F-38F74E1DE2A4}.Debug|Any CPU.Build.0 = Debug|Any CPU
		{8B4E8B32-EBA0-4D80-916F-38F74E1DE2A4}.Release|Any CPU.ActiveCfg = Release|Any CPU
		{8B4E8B32-EBA0-4D80-916F-38F74E1DE2A4}.Release|Any CPU.Build.0 = Release|Any CPU
		{8815C008-FA0E-4A26-B3AC-0B5E5B0EF64C}.Debug|Any CPU.ActiveCfg = Debug|Any CPU
		{8815C008-FA0E-4A26-B3AC-0B5E5B0EF64C}.Debug|Any CPU.Build.0 = Debug|Any CPU
		{8815C008-FA0E-4A26-B3AC-0B5E5B0EF64C}.Release|Any CPU.ActiveCfg = Release|Any CPU
		{8815C008-FA0E-4A26-B3AC-0B5E5B0EF64C}.Release|Any CPU.Build.0 = Release|Any CPU
		{C98644E8-7A95-4A05-A1A6-680F3BAEC207}.Debug|Any CPU.ActiveCfg = Debug|Any CPU
		{C98644E8-7A95-4A05-A1A6-680F3BAEC207}.Debug|Any CPU.Build.0 = Debug|Any CPU
		{C98644E8-7A95-4A05-A1A6-680F3BAEC207}.Release|Any CPU.ActiveCfg = Release|Any CPU
		{C98644E8-7A95-4A05-A1A6-680F3BAEC207}.Release|Any CPU.Build.0 = Release|Any CPU
		{3975A82F-D0BB-4F78-ABF7-5C769746687B}.Debug|Any CPU.ActiveCfg = Debug|Any CPU
		{3975A82F-D0BB-4F78-ABF7-5C769746687B}.Debug|Any CPU.Build.0 = Debug|Any CPU
		{3975A82F-D0BB-4F78-ABF7-5C769746687B}.Release|Any CPU.ActiveCfg = Release|Any CPU
		{3975A82F-D0BB-4F78-ABF7-5C769746687B}.Release|Any CPU.Build.0 = Release|Any CPU
		{7951040F-2A63-4408-9A58-BC58A1F515D1}.Debug|Any CPU.ActiveCfg = Debug|Any CPU
		{7951040F-2A63-4408-9A58-BC58A1F515D1}.Debug|Any CPU.Build.0 = Debug|Any CPU
		{7951040F-2A63-4408-9A58-BC58A1F515D1}.Release|Any CPU.ActiveCfg = Release|Any CPU
		{7951040F-2A63-4408-9A58-BC58A1F515D1}.Release|Any CPU.Build.0 = Release|Any CPU
		{0E0B51C0-4583-4B22-AA42-6568AB5FCBE5}.Debug|Any CPU.ActiveCfg = Debug|Any CPU
		{0E0B51C0-4583-4B22-AA42-6568AB5FCBE5}.Debug|Any CPU.Build.0 = Debug|Any CPU
		{0E0B51C0-4583-4B22-AA42-6568AB5FCBE5}.Release|Any CPU.ActiveCfg = Release|Any CPU
		{0E0B51C0-4583-4B22-AA42-6568AB5FCBE5}.Release|Any CPU.Build.0 = Release|Any CPU
		{7A7290C1-FC59-4B19-883F-09B8E6E292F7}.Debug|Any CPU.ActiveCfg = Debug|Any CPU
		{7A7290C1-FC59-4B19-883F-09B8E6E292F7}.Debug|Any CPU.Build.0 = Debug|Any CPU
		{7A7290C1-FC59-4B19-883F-09B8E6E292F7}.Release|Any CPU.ActiveCfg = Release|Any CPU
		{7A7290C1-FC59-4B19-883F-09B8E6E292F7}.Release|Any CPU.Build.0 = Release|Any CPU
		{B0D5B28F-5F77-4DDE-97EC-EDD75CB805AD}.Debug|Any CPU.ActiveCfg = Debug|Any CPU
		{B0D5B28F-5F77-4DDE-97EC-EDD75CB805AD}.Debug|Any CPU.Build.0 = Debug|Any CPU
		{B0D5B28F-5F77-4DDE-97EC-EDD75CB805AD}.Release|Any CPU.ActiveCfg = Release|Any CPU
		{B0D5B28F-5F77-4DDE-97EC-EDD75CB805AD}.Release|Any CPU.Build.0 = Release|Any CPU
		{C287B808-0BB4-4823-A190-18AD2368D5D1}.Debug|Any CPU.ActiveCfg = Debug|Any CPU
		{C287B808-0BB4-4823-A190-18AD2368D5D1}.Debug|Any CPU.Build.0 = Debug|Any CPU
		{C287B808-0BB4-4823-A190-18AD2368D5D1}.Release|Any CPU.ActiveCfg = Release|Any CPU
		{C287B808-0BB4-4823-A190-18AD2368D5D1}.Release|Any CPU.Build.0 = Release|Any CPU
		{131343FB-2AAE-41C1-B524-504551894AEB}.Debug|Any CPU.ActiveCfg = Debug|Any CPU
		{131343FB-2AAE-41C1-B524-504551894AEB}.Debug|Any CPU.Build.0 = Debug|Any CPU
		{131343FB-2AAE-41C1-B524-504551894AEB}.Release|Any CPU.ActiveCfg = Release|Any CPU
		{131343FB-2AAE-41C1-B524-504551894AEB}.Release|Any CPU.Build.0 = Release|Any CPU
		{367727AB-0806-415A-A782-DAE672780A19}.Debug|Any CPU.ActiveCfg = Debug|Any CPU
		{367727AB-0806-415A-A782-DAE672780A19}.Debug|Any CPU.Build.0 = Debug|Any CPU
		{367727AB-0806-415A-A782-DAE672780A19}.Release|Any CPU.ActiveCfg = Release|Any CPU
		{367727AB-0806-415A-A782-DAE672780A19}.Release|Any CPU.Build.0 = Release|Any CPU
		{5AD22F02-CFE2-4E73-A5BE-CCDCD1EE2D98}.Debug|Any CPU.ActiveCfg = Debug|Any CPU
		{5AD22F02-CFE2-4E73-A5BE-CCDCD1EE2D98}.Debug|Any CPU.Build.0 = Debug|Any CPU
		{5AD22F02-CFE2-4E73-A5BE-CCDCD1EE2D98}.Release|Any CPU.ActiveCfg = Release|Any CPU
		{5AD22F02-CFE2-4E73-A5BE-CCDCD1EE2D98}.Release|Any CPU.Build.0 = Release|Any CPU
		{E4B89FA7-3735-40DE-A962-50B2E727D90F}.Debug|Any CPU.ActiveCfg = Debug|Any CPU
		{E4B89FA7-3735-40DE-A962-50B2E727D90F}.Debug|Any CPU.Build.0 = Debug|Any CPU
		{E4B89FA7-3735-40DE-A962-50B2E727D90F}.Release|Any CPU.ActiveCfg = Release|Any CPU
		{E4B89FA7-3735-40DE-A962-50B2E727D90F}.Release|Any CPU.Build.0 = Release|Any CPU
		{B868DD4B-6248-434C-95FE-385AA1803603}.Debug|Any CPU.ActiveCfg = Debug|Any CPU
		{B868DD4B-6248-434C-95FE-385AA1803603}.Debug|Any CPU.Build.0 = Debug|Any CPU
		{B868DD4B-6248-434C-95FE-385AA1803603}.Release|Any CPU.ActiveCfg = Release|Any CPU
		{B868DD4B-6248-434C-95FE-385AA1803603}.Release|Any CPU.Build.0 = Release|Any CPU
		{069507FD-EAFA-4C99-B409-92FE8CC1EC6B}.Debug|Any CPU.ActiveCfg = Debug|Any CPU
		{069507FD-EAFA-4C99-B409-92FE8CC1EC6B}.Debug|Any CPU.Build.0 = Debug|Any CPU
		{069507FD-EAFA-4C99-B409-92FE8CC1EC6B}.Release|Any CPU.ActiveCfg = Release|Any CPU
		{069507FD-EAFA-4C99-B409-92FE8CC1EC6B}.Release|Any CPU.Build.0 = Release|Any CPU
		{FFA29498-7904-4EF4-9C57-08622E16CF54}.Debug|Any CPU.ActiveCfg = Debug|Any CPU
		{FFA29498-7904-4EF4-9C57-08622E16CF54}.Debug|Any CPU.Build.0 = Debug|Any CPU
		{FFA29498-7904-4EF4-9C57-08622E16CF54}.Release|Any CPU.ActiveCfg = Release|Any CPU
		{FFA29498-7904-4EF4-9C57-08622E16CF54}.Release|Any CPU.Build.0 = Release|Any CPU
	EndGlobalSection
	GlobalSection(SolutionProperties) = preSolution
		HideSolutionNode = FALSE
	EndGlobalSection
	GlobalSection(NestedProjects) = preSolution
		{E79F4A09-E29D-4A5E-BF96-E0236DE71BF8} = {01CE7D72-5E60-4CF2-BC7A-BDDAF029FB6A}
		{EE0063AF-8165-4923-8D9A-18C011E1635E} = {01CE7D72-5E60-4CF2-BC7A-BDDAF029FB6A}
		{377A73C0-CD2D-43E5-8318-65B0EB03F5AF} = {01CE7D72-5E60-4CF2-BC7A-BDDAF029FB6A}
		{8B4E8B32-EBA0-4D80-916F-38F74E1DE2A4} = {01CE7D72-5E60-4CF2-BC7A-BDDAF029FB6A}
		{8815C008-FA0E-4A26-B3AC-0B5E5B0EF64C} = {149CE929-1DC7-4BBE-9136-587B046A946B}
		{C98644E8-7A95-4A05-A1A6-680F3BAEC207} = {149CE929-1DC7-4BBE-9136-587B046A946B}
		{3975A82F-D0BB-4F78-ABF7-5C769746687B} = {149CE929-1DC7-4BBE-9136-587B046A946B}
		{7951040F-2A63-4408-9A58-BC58A1F515D1} = {149CE929-1DC7-4BBE-9136-587B046A946B}
		{0E0B51C0-4583-4B22-AA42-6568AB5FCBE5} = {478CE2FE-AD4B-4B2C-8D85-EB6E604A27A8}
		{7A7290C1-FC59-4B19-883F-09B8E6E292F7} = {BCF5C1A7-80D5-4066-A504-E5397FF1DD04}
		{B0D5B28F-5F77-4DDE-97EC-EDD75CB805AD} = {BCF5C1A7-80D5-4066-A504-E5397FF1DD04}
		{C287B808-0BB4-4823-A190-18AD2368D5D1} = {BCF5C1A7-80D5-4066-A504-E5397FF1DD04}
		{131343FB-2AAE-41C1-B524-504551894AEB} = {BCF5C1A7-80D5-4066-A504-E5397FF1DD04}
		{367727AB-0806-415A-A782-DAE672780A19} = {BCF5C1A7-80D5-4066-A504-E5397FF1DD04}
		{5AD22F02-CFE2-4E73-A5BE-CCDCD1EE2D98} = {4E98E6A2-7E0E-45EE-B441-05A213CC6D22}
		{E4B89FA7-3735-40DE-A962-50B2E727D90F} = {4E98E6A2-7E0E-45EE-B441-05A213CC6D22}
		{B868DD4B-6248-434C-95FE-385AA1803603} = {4E98E6A2-7E0E-45EE-B441-05A213CC6D22}
		{069507FD-EAFA-4C99-B409-92FE8CC1EC6B} = {4E98E6A2-7E0E-45EE-B441-05A213CC6D22}
		{FFA29498-7904-4EF4-9C57-08622E16CF54} = {4E98E6A2-7E0E-45EE-B441-05A213CC6D22}
	EndGlobalSection
	GlobalSection(ExtensibilityGlobals) = postSolution
		SolutionGuid = {9BF6A4EF-2F2D-4B7D-BE34-FD8FC7A60B14}
	EndGlobalSection
EndGlobal
